
Microsoft Visual Studio Solution File, Format Version 12.00
# Visual Studio Version 17
VisualStudioVersion = 17.5.33516.290
MinimumVisualStudioVersion = 10.0.40219.1
Project("{FAE04EC0-301F-11D3-BF4B-00C04F79EFBC}") = "Budget", "Budget.csproj", "{F3F04C0E-7578-456B-9260-49D728D39E2F}"
EndProject
Global
	GlobalSection(SolutionConfigurationPlatforms) = preSolution
		Debug|Any CPU = Debug|Any CPU
		Release|Any CPU = Release|Any CPU
	EndGlobalSection
	GlobalSection(ProjectConfigurationPlatforms) = postSolution
		{F3F04C0E-7578-456B-9260-49D728D39E2F}.Debug|Any CPU.ActiveCfg = Debug|Any CPU
		{F3F04C0E-7578-456B-9260-49D728D39E2F}.Debug|Any CPU.Build.0 = Debug|Any CPU
		{F3F04C0E-7578-456B-9260-49D728D39E2F}.Release|Any CPU.ActiveCfg = Release|Any CPU
		{F3F04C0E-7578-456B-9260-49D728D39E2F}.Release|Any CPU.Build.0 = Release|Any CPU
	EndGlobalSection
	GlobalSection(SolutionProperties) = preSolution
		HideSolutionNode = FALSE
	EndGlobalSection
	GlobalSection(ExtensibilityGlobals) = postSolution
		SolutionGuid = {B2912159-11D0-4503-B502-D886D02020B4}
	EndGlobalSection
EndGlobal
